
Microsoft Visual Studio Solution File, Format Version 12.00
# Visual Studio Version 16
VisualStudioVersion = 16.0.31205.134
MinimumVisualStudioVersion = 10.0.40219.1
Project("{9092AA53-FB77-4645-B42D-1CCCA6BD08BD}") = "NodejsWebApp", "NodejsWebApp.njsproj", "{A355D1C4-AC9A-42D3-916B-FDEE5BEF47F2}"
EndProject
Global
	GlobalSection(SolutionConfigurationPlatforms) = preSolution
		Debug|Any CPU = Debug|Any CPU
		Release|Any CPU = Release|Any CPU
	EndGlobalSection
	GlobalSection(ProjectConfigurationPlatforms) = postSolution
		{A355D1C4-AC9A-42D3-916B-FDEE5BEF47F2}.Debug|Any CPU.ActiveCfg = Debug|Any CPU
		{A355D1C4-AC9A-42D3-916B-FDEE5BEF47F2}.Debug|Any CPU.Build.0 = Debug|Any CPU
		{A355D1C4-AC9A-42D3-916B-FDEE5BEF47F2}.Release|Any CPU.ActiveCfg = Release|Any CPU
		{A355D1C4-AC9A-42D3-916B-FDEE5BEF47F2}.Release|Any CPU.Build.0 = Release|Any CPU
	EndGlobalSection
	GlobalSection(SolutionProperties) = preSolution
		HideSolutionNode = FALSE
	EndGlobalSection
	GlobalSection(ExtensibilityGlobals) = postSolution
		SolutionGuid = {E5DAEBDA-B008-4BBE-A153-936372DF6C6C}
	EndGlobalSection
EndGlobal
